
Microsoft Visual Studio Solution File, Format Version 12.00
# Visual Studio Version 16
VisualStudioVersion = 16.0.30011.22
MinimumVisualStudioVersion = 10.0.40219.1
Project("{9A19103F-16F7-4668-BE54-9A1E7A4F7556}") = "FooxboySite", "FooxboySite\FooxboySite.csproj", "{CD0429CB-E668-4393-9F8D-2050BFE6A459}"
EndProject
Global
	GlobalSection(SolutionConfigurationPlatforms) = preSolution
		Debug|Any CPU = Debug|Any CPU
		Release|Any CPU = Release|Any CPU
	EndGlobalSection
	GlobalSection(ProjectConfigurationPlatforms) = postSolution
		{CD0429CB-E668-4393-9F8D-2050BFE6A459}.Debug|Any CPU.ActiveCfg = Debug|Any CPU
		{CD0429CB-E668-4393-9F8D-2050BFE6A459}.Debug|Any CPU.Build.0 = Debug|Any CPU
		{CD0429CB-E668-4393-9F8D-2050BFE6A459}.Release|Any CPU.ActiveCfg = Release|Any CPU
		{CD0429CB-E668-4393-9F8D-2050BFE6A459}.Release|Any CPU.Build.0 = Release|Any CPU
		{CD0429CB-E668-4393-9F8D-2050BFE6A459}.Debug|Any CPU.Deploy.0 = Debug|Any CPU
	EndGlobalSection
	GlobalSection(SolutionProperties) = preSolution
		HideSolutionNode = FALSE
	EndGlobalSection
	GlobalSection(ExtensibilityGlobals) = postSolution
		SolutionGuid = {0C57268A-4E69-4FED-B2DC-C9D214E89AD1}
	EndGlobalSection
EndGlobal
